
Microsoft Visual Studio Solution File, Format Version 12.00
# Visual Studio 15
VisualStudioVersion = 15.0.27130.2027
MinimumVisualStudioVersion = 10.0.40219.1
Project("{888888A0-9F3D-457C-B088-3A5042F75D52}") = "TabularQLearning", "TabularQLearning\TabularQLearning.pyproj", "{8D33E3E6-459D-4966-95A3-0D274038C96B}"
EndProject
Global
	GlobalSection(SolutionConfigurationPlatforms) = preSolution
		Debug|Any CPU = Debug|Any CPU
		Release|Any CPU = Release|Any CPU
	EndGlobalSection
	GlobalSection(ProjectConfigurationPlatforms) = postSolution
		{8D33E3E6-459D-4966-95A3-0D274038C96B}.Debug|Any CPU.ActiveCfg = Debug|Any CPU
		{8D33E3E6-459D-4966-95A3-0D274038C96B}.Release|Any CPU.ActiveCfg = Release|Any CPU
	EndGlobalSection
	GlobalSection(SolutionProperties) = preSolution
		HideSolutionNode = FALSE
	EndGlobalSection
	GlobalSection(ExtensibilityGlobals) = postSolution
		SolutionGuid = {E051C51B-1493-4F03-B3ED-3F09503F9755}
	EndGlobalSection
EndGlobal
